
Microsoft Visual Studio Solution File, Format Version 12.00
# Visual Studio Version 17
VisualStudioVersion = 17.5.2.0
MinimumVisualStudioVersion = 10.0.40219.1
Project("{2150E333-8FDC-42A3-9474-1A3956D46DE8}") = "backend", "backend", "{1AE8ACA6-933B-BF2A-3671-3E2EAC007D16}"
EndProject
Project("{2150E333-8FDC-42A3-9474-1A3956D46DE8}") = "tests", "tests", "{F57642F3-C37C-D174-720E-6A6AAD5BEE22}"
EndProject
Project("{FAE04EC0-301F-11D3-BF4B-00C04F79EFBC}") = "PatientService.Tests", "backend\tests\PatientService.Tests\PatientService.Tests.csproj", "{B8E31081-E9C1-4069-AE04-D10DC722BD6E}"
EndProject
Project("{2150E333-8FDC-42A3-9474-1A3956D46DE8}") = "src", "src", "{0F9113EE-888A-26D2-68B0-4A7D0A2A8745}"
EndProject
Project("{FAE04EC0-301F-11D3-BF4B-00C04F79EFBC}") = "PatientService", "backend\src\PatientService\PatientService.csproj", "{E8FD02A9-81F6-4A8D-B502-22367FB49D7F}"
EndProject
Project("{FAE04EC0-301F-11D3-BF4B-00C04F79EFBC}") = "Common", "backend\src\Common\Common.csproj", "{D5E06305-E190-4F4E-A132-667E846F2D31}"
EndProject
Project("{FAE04EC0-301F-11D3-BF4B-00C04F79EFBC}") = "AppointmentService", "backend\src\AppointmentService\AppointmentService.csproj", "{F5D121CD-5FC8-452C-980A-F6FC8EFA5F53}"
EndProject
Global
	GlobalSection(SolutionConfigurationPlatforms) = preSolution
		Debug|Any CPU = Debug|Any CPU
		Debug|x64 = Debug|x64
		Debug|x86 = Debug|x86
		Release|Any CPU = Release|Any CPU
		Release|x64 = Release|x64
		Release|x86 = Release|x86
	EndGlobalSection
	GlobalSection(ProjectConfigurationPlatforms) = postSolution
		{B8E31081-E9C1-4069-AE04-D10DC722BD6E}.Debug|Any CPU.ActiveCfg = Debug|Any CPU
		{B8E31081-E9C1-4069-AE04-D10DC722BD6E}.Debug|Any CPU.Build.0 = Debug|Any CPU
		{B8E31081-E9C1-4069-AE04-D10DC722BD6E}.Debug|x64.ActiveCfg = Debug|Any CPU
		{B8E31081-E9C1-4069-AE04-D10DC722BD6E}.Debug|x64.Build.0 = Debug|Any CPU
		{B8E31081-E9C1-4069-AE04-D10DC722BD6E}.Debug|x86.ActiveCfg = Debug|Any CPU
		{B8E31081-E9C1-4069-AE04-D10DC722BD6E}.Debug|x86.Build.0 = Debug|Any CPU
		{B8E31081-E9C1-4069-AE04-D10DC722BD6E}.Release|Any CPU.ActiveCfg = Release|Any CPU
		{B8E31081-E9C1-4069-AE04-D10DC722BD6E}.Release|Any CPU.Build.0 = Release|Any CPU
		{B8E31081-E9C1-4069-AE04-D10DC722BD6E}.Release|x64.ActiveCfg = Release|Any CPU
		{B8E31081-E9C1-4069-AE04-D10DC722BD6E}.Release|x64.Build.0 = Release|Any CPU
		{B8E31081-E9C1-4069-AE04-D10DC722BD6E}.Release|x86.ActiveCfg = Release|Any CPU
		{B8E31081-E9C1-4069-AE04-D10DC722BD6E}.Release|x86.Build.0 = Release|Any CPU
		{E8FD02A9-81F6-4A8D-B502-22367FB49D7F}.Debug|Any CPU.ActiveCfg = Debug|Any CPU
		{E8FD02A9-81F6-4A8D-B502-22367FB49D7F}.Debug|Any CPU.Build.0 = Debug|Any CPU
		{E8FD02A9-81F6-4A8D-B502-22367FB49D7F}.Debug|x64.ActiveCfg = Debug|Any CPU
		{E8FD02A9-81F6-4A8D-B502-22367FB49D7F}.Debug|x64.Build.0 = Debug|Any CPU
		{E8FD02A9-81F6-4A8D-B502-22367FB49D7F}.Debug|x86.ActiveCfg = Debug|Any CPU
		{E8FD02A9-81F6-4A8D-B502-22367FB49D7F}.Debug|x86.Build.0 = Debug|Any CPU
		{E8FD02A9-81F6-4A8D-B502-22367FB49D7F}.Release|Any CPU.ActiveCfg = Release|Any CPU
		{E8FD02A9-81F6-4A8D-B502-22367FB49D7F}.Release|Any CPU.Build.0 = Release|Any CPU
		{E8FD02A9-81F6-4A8D-B502-22367FB49D7F}.Release|x64.ActiveCfg = Release|Any CPU
		{E8FD02A9-81F6-4A8D-B502-22367FB49D7F}.Release|x64.Build.0 = Release|Any CPU
		{E8FD02A9-81F6-4A8D-B502-22367FB49D7F}.Release|x86.ActiveCfg = Release|Any CPU
		{E8FD02A9-81F6-4A8D-B502-22367FB49D7F}.Release|x86.Build.0 = Release|Any CPU
		{D5E06305-E190-4F4E-A132-667E846F2D31}.Debug|Any CPU.ActiveCfg = Debug|Any CPU
		{D5E06305-E190-4F4E-A132-667E846F2D31}.Debug|Any CPU.Build.0 = Debug|Any CPU
		{D5E06305-E190-4F4E-A132-667E846F2D31}.Debug|x64.ActiveCfg = Debug|Any CPU
		{D5E06305-E190-4F4E-A132-667E846F2D31}.Debug|x64.Build.0 = Debug|Any CPU
		{D5E06305-E190-4F4E-A132-667E846F2D31}.Debug|x86.ActiveCfg = Debug|Any CPU
		{D5E06305-E190-4F4E-A132-667E846F2D31}.Debug|x86.Build.0 = Debug|Any CPU
		{D5E06305-E190-4F4E-A132-667E846F2D31}.Release|Any CPU.ActiveCfg = Release|Any CPU
		{D5E06305-E190-4F4E-A132-667E846F2D31}.Release|Any CPU.Build.0 = Release|Any CPU
		{D5E06305-E190-4F4E-A132-667E846F2D31}.Release|x64.ActiveCfg = Release|Any CPU
		{D5E06305-E190-4F4E-A132-667E846F2D31}.Release|x64.Build.0 = Release|Any CPU
		{D5E06305-E190-4F4E-A132-667E846F2D31}.Release|x86.ActiveCfg = Release|Any CPU
		{D5E06305-E190-4F4E-A132-667E846F2D31}.Release|x86.Build.0 = Release|Any CPU
		{F5D121CD-5FC8-452C-980A-F6FC8EFA5F53}.Debug|Any CPU.ActiveCfg = Debug|Any CPU
		{F5D121CD-5FC8-452C-980A-F6FC8EFA5F53}.Debug|Any CPU.Build.0 = Debug|Any CPU
		{F5D121CD-5FC8-452C-980A-F6FC8EFA5F53}.Debug|x64.ActiveCfg = Debug|Any CPU
		{F5D121CD-5FC8-452C-980A-F6FC8EFA5F53}.Debug|x64.Build.0 = Debug|Any CPU
		{F5D121CD-5FC8-452C-980A-F6FC8EFA5F53}.Debug|x86.ActiveCfg = Debug|Any CPU
		{F5D121CD-5FC8-452C-980A-F6FC8EFA5F53}.Debug|x86.Build.0 = Debug|Any CPU
		{F5D121CD-5FC8-452C-980A-F6FC8EFA5F53}.Release|Any CPU.ActiveCfg = Release|Any CPU
		{F5D121CD-5FC8-452C-980A-F6FC8EFA5F53}.Release|Any CPU.Build.0 = Release|Any CPU
		{F5D121CD-5FC8-452C-980A-F6FC8EFA5F53}.Release|x64.ActiveCfg = Release|Any CPU
		{F5D121CD-5FC8-452C-980A-F6FC8EFA5F53}.Release|x64.Build.0 = Release|Any CPU
		{F5D121CD-5FC8-452C-980A-F6FC8EFA5F53}.Release|x86.ActiveCfg = Release|Any CPU
		{F5D121CD-5FC8-452C-980A-F6FC8EFA5F53}.Release|x86.Build.0 = Release|Any CPU
	EndGlobalSection
	GlobalSection(SolutionProperties) = preSolution
		HideSolutionNode = FALSE
	EndGlobalSection
	GlobalSection(NestedProjects) = preSolution
		{F57642F3-C37C-D174-720E-6A6AAD5BEE22} = {1AE8ACA6-933B-BF2A-3671-3E2EAC007D16}
		{B8E31081-E9C1-4069-AE04-D10DC722BD6E} = {F57642F3-C37C-D174-720E-6A6AAD5BEE22}
		{0F9113EE-888A-26D2-68B0-4A7D0A2A8745} = {1AE8ACA6-933B-BF2A-3671-3E2EAC007D16}
		{E8FD02A9-81F6-4A8D-B502-22367FB49D7F} = {0F9113EE-888A-26D2-68B0-4A7D0A2A8745}
		{D5E06305-E190-4F4E-A132-667E846F2D31} = {0F9113EE-888A-26D2-68B0-4A7D0A2A8745}
		{F5D121CD-5FC8-452C-980A-F6FC8EFA5F53} = {0F9113EE-888A-26D2-68B0-4A7D0A2A8745}
	EndGlobalSection
	GlobalSection(ExtensibilityGlobals) = postSolution
		SolutionGuid = {A6BBEDD2-4FB9-42DB-A637-94ABB8D2FCFF}
	EndGlobalSection
EndGlobal
